
Microsoft Visual Studio Solution File, Format Version 12.00
# Visual Studio 15
VisualStudioVersion = 15.0.28307.329
MinimumVisualStudioVersion = 10.0.40219.1
Project("{FAE04EC0-301F-11D3-BF4B-00C04F79EFBC}") = "PocketSocket.Client", "PocketSocketClient\PocketSocket.Client.csproj", "{252EECE1-1C5F-4B57-9109-5A29DFFB0F74}"
EndProject
Project("{FAE04EC0-301F-11D3-BF4B-00C04F79EFBC}") = "PocketSocket.Server", "PocketSocketServer\PocketSocket.Server.csproj", "{2AF1EBD8-6866-45B1-8FFD-FA9F07DB3E25}"
EndProject
Project("{FAE04EC0-301F-11D3-BF4B-00C04F79EFBC}") = "PocketSocket.Common", "PocketSocket.Common\PocketSocket.Common.csproj", "{B30CAA97-5463-4F4B-90AD-017B64195119}"
EndProject
Project("{FAE04EC0-301F-11D3-BF4B-00C04F79EFBC}") = "TestServer", "TestServer\TestServer.csproj", "{38595202-58E3-4B72-BC93-03166F0BD224}"
EndProject
Project("{FAE04EC0-301F-11D3-BF4B-00C04F79EFBC}") = "TestClient", "TestClient\TestClient.csproj", "{FF8D5016-D75F-4E23-A4CB-206BF9D3A2EE}"
EndProject
Project("{FAE04EC0-301F-11D3-BF4B-00C04F79EFBC}") = "TestCommon", "TestCommon\TestCommon.csproj", "{DE379E6F-702A-4927-9813-6FB3C4092C95}"
EndProject
Project("{FAE04EC0-301F-11D3-BF4B-00C04F79EFBC}") = "PocketSocket.Repository", "PocketSocket.Repository\PocketSocket.Repository.csproj", "{FA7A739F-B3AD-428F-AF4E-FAC338BB440B}"
EndProject
Project("{FAE04EC0-301F-11D3-BF4B-00C04F79EFBC}") = "PocketSocket.Base", "PocketSocket.Base\PocketSocket.Base.csproj", "{5908C35E-D78E-4DCA-9C12-16ED9BFBC179}"
EndProject
Project("{FAE04EC0-301F-11D3-BF4B-00C04F79EFBC}") = "PocketSocket.Resolver", "PocketSocket.Resolver\PocketSocket.Resolver.csproj", "{F7F7EAFB-172A-4751-9A3D-1345BFB2483A}"
EndProject
Project("{FAE04EC0-301F-11D3-BF4B-00C04F79EFBC}") = "PocketSocket.Container.Default", "PocketSocket.Container.Default\PocketSocket.Container.Default.csproj", "{917E2FBB-290A-4EEA-87CE-B443896093B1}"
EndProject
Project("{FAE04EC0-301F-11D3-BF4B-00C04F79EFBC}") = "PocketSocket.Container.Unity", "PocketSocket.Container.Unity\PocketSocket.Container.Unity.csproj", "{3E0793C8-1966-4BFA-AC5B-B75C87DD738C}"
EndProject
Project("{FAE04EC0-301F-11D3-BF4B-00C04F79EFBC}") = "PocketSocket.Extensions.Unity", "PocketSocket.Extensions.Unity\PocketSocket.Extensions.Unity.csproj", "{F90033B3-B7C1-407F-8E63-8FB852CE5F1B}"
EndProject
Project("{2150E333-8FDC-42A3-9474-1A3956D46DE8}") = "Base", "Base", "{C8F9D549-A3CE-4735-A6BA-5CA816DE8AD7}"
EndProject
Project("{2150E333-8FDC-42A3-9474-1A3956D46DE8}") = "Common", "Common", "{607A2C98-E548-431C-A82C-ECBD00B45442}"
EndProject
Project("{2150E333-8FDC-42A3-9474-1A3956D46DE8}") = "Client", "Client", "{63F3C516-7545-4C48-A5C0-C343EFD56A49}"
EndProject
Project("{2150E333-8FDC-42A3-9474-1A3956D46DE8}") = "Server", "Server", "{3E10AF89-CD72-440B-98B1-C8FA2848C967}"
EndProject
Project("{2150E333-8FDC-42A3-9474-1A3956D46DE8}") = "Test", "Test", "{4C262AAA-5E80-44EC-846D-89F78721D723}"
EndProject
Project("{2150E333-8FDC-42A3-9474-1A3956D46DE8}") = "Unity", "Unity", "{2B1C044B-DE44-4697-B49E-DD51273656AE}"
EndProject
Project("{2150E333-8FDC-42A3-9474-1A3956D46DE8}") = "Repositories", "Repositories", "{DE4C308D-8D0E-4F00-AA01-AB162543C717}"
EndProject
Project("{FAE04EC0-301F-11D3-BF4B-00C04F79EFBC}") = "PocketSocket.Repositories.LiteDb", "PocketSocket.Repositories.LiteDb\PocketSocket.Repositories.LiteDb.csproj", "{2DF894AF-00BA-47B8-856D-7AF08682ED29}"
EndProject
Project("{2150E333-8FDC-42A3-9474-1A3956D46DE8}") = "Containers", "Containers", "{900EAB84-081E-422A-8178-D679A4218B3F}"
EndProject
Project("{2150E333-8FDC-42A3-9474-1A3956D46DE8}") = "Default", "Default", "{E22D417E-4D46-42B9-968E-6EE7DFA8749F}"
EndProject
Global
	GlobalSection(SolutionConfigurationPlatforms) = preSolution
		Debug|Any CPU = Debug|Any CPU
		Release|Any CPU = Release|Any CPU
	EndGlobalSection
	GlobalSection(ProjectConfigurationPlatforms) = postSolution
		{252EECE1-1C5F-4B57-9109-5A29DFFB0F74}.Debug|Any CPU.ActiveCfg = Debug|Any CPU
		{252EECE1-1C5F-4B57-9109-5A29DFFB0F74}.Debug|Any CPU.Build.0 = Debug|Any CPU
		{252EECE1-1C5F-4B57-9109-5A29DFFB0F74}.Release|Any CPU.ActiveCfg = Release|Any CPU
		{252EECE1-1C5F-4B57-9109-5A29DFFB0F74}.Release|Any CPU.Build.0 = Release|Any CPU
		{2AF1EBD8-6866-45B1-8FFD-FA9F07DB3E25}.Debug|Any CPU.ActiveCfg = Debug|Any CPU
		{2AF1EBD8-6866-45B1-8FFD-FA9F07DB3E25}.Debug|Any CPU.Build.0 = Debug|Any CPU
		{2AF1EBD8-6866-45B1-8FFD-FA9F07DB3E25}.Release|Any CPU.ActiveCfg = Release|Any CPU
		{2AF1EBD8-6866-45B1-8FFD-FA9F07DB3E25}.Release|Any CPU.Build.0 = Release|Any CPU
		{B30CAA97-5463-4F4B-90AD-017B64195119}.Debug|Any CPU.ActiveCfg = Debug|Any CPU
		{B30CAA97-5463-4F4B-90AD-017B64195119}.Debug|Any CPU.Build.0 = Debug|Any CPU
		{B30CAA97-5463-4F4B-90AD-017B64195119}.Release|Any CPU.ActiveCfg = Release|Any CPU
		{B30CAA97-5463-4F4B-90AD-017B64195119}.Release|Any CPU.Build.0 = Release|Any CPU
		{38595202-58E3-4B72-BC93-03166F0BD224}.Debug|Any CPU.ActiveCfg = Debug|Any CPU
		{38595202-58E3-4B72-BC93-03166F0BD224}.Debug|Any CPU.Build.0 = Debug|Any CPU
		{38595202-58E3-4B72-BC93-03166F0BD224}.Release|Any CPU.ActiveCfg = Release|Any CPU
		{38595202-58E3-4B72-BC93-03166F0BD224}.Release|Any CPU.Build.0 = Release|Any CPU
		{FF8D5016-D75F-4E23-A4CB-206BF9D3A2EE}.Debug|Any CPU.ActiveCfg = Debug|Any CPU
		{FF8D5016-D75F-4E23-A4CB-206BF9D3A2EE}.Debug|Any CPU.Build.0 = Debug|Any CPU
		{FF8D5016-D75F-4E23-A4CB-206BF9D3A2EE}.Release|Any CPU.ActiveCfg = Release|Any CPU
		{FF8D5016-D75F-4E23-A4CB-206BF9D3A2EE}.Release|Any CPU.Build.0 = Release|Any CPU
		{DE379E6F-702A-4927-9813-6FB3C4092C95}.Debug|Any CPU.ActiveCfg = Debug|Any CPU
		{DE379E6F-702A-4927-9813-6FB3C4092C95}.Debug|Any CPU.Build.0 = Debug|Any CPU
		{DE379E6F-702A-4927-9813-6FB3C4092C95}.Release|Any CPU.ActiveCfg = Release|Any CPU
		{DE379E6F-702A-4927-9813-6FB3C4092C95}.Release|Any CPU.Build.0 = Release|Any CPU
		{FA7A739F-B3AD-428F-AF4E-FAC338BB440B}.Debug|Any CPU.ActiveCfg = Debug|Any CPU
		{FA7A739F-B3AD-428F-AF4E-FAC338BB440B}.Debug|Any CPU.Build.0 = Debug|Any CPU
		{FA7A739F-B3AD-428F-AF4E-FAC338BB440B}.Release|Any CPU.ActiveCfg = Release|Any CPU
		{FA7A739F-B3AD-428F-AF4E-FAC338BB440B}.Release|Any CPU.Build.0 = Release|Any CPU
		{5908C35E-D78E-4DCA-9C12-16ED9BFBC179}.Debug|Any CPU.ActiveCfg = Debug|Any CPU
		{5908C35E-D78E-4DCA-9C12-16ED9BFBC179}.Debug|Any CPU.Build.0 = Debug|Any CPU
		{5908C35E-D78E-4DCA-9C12-16ED9BFBC179}.Release|Any CPU.ActiveCfg = Release|Any CPU
		{5908C35E-D78E-4DCA-9C12-16ED9BFBC179}.Release|Any CPU.Build.0 = Release|Any CPU
		{F7F7EAFB-172A-4751-9A3D-1345BFB2483A}.Debug|Any CPU.ActiveCfg = Debug|Any CPU
		{F7F7EAFB-172A-4751-9A3D-1345BFB2483A}.Debug|Any CPU.Build.0 = Debug|Any CPU
		{F7F7EAFB-172A-4751-9A3D-1345BFB2483A}.Release|Any CPU.ActiveCfg = Release|Any CPU
		{F7F7EAFB-172A-4751-9A3D-1345BFB2483A}.Release|Any CPU.Build.0 = Release|Any CPU
		{917E2FBB-290A-4EEA-87CE-B443896093B1}.Debug|Any CPU.ActiveCfg = Debug|Any CPU
		{917E2FBB-290A-4EEA-87CE-B443896093B1}.Debug|Any CPU.Build.0 = Debug|Any CPU
		{917E2FBB-290A-4EEA-87CE-B443896093B1}.Release|Any CPU.ActiveCfg = Release|Any CPU
		{917E2FBB-290A-4EEA-87CE-B443896093B1}.Release|Any CPU.Build.0 = Release|Any CPU
		{3E0793C8-1966-4BFA-AC5B-B75C87DD738C}.Debug|Any CPU.ActiveCfg = Debug|Any CPU
		{3E0793C8-1966-4BFA-AC5B-B75C87DD738C}.Debug|Any CPU.Build.0 = Debug|Any CPU
		{3E0793C8-1966-4BFA-AC5B-B75C87DD738C}.Release|Any CPU.ActiveCfg = Release|Any CPU
		{3E0793C8-1966-4BFA-AC5B-B75C87DD738C}.Release|Any CPU.Build.0 = Release|Any CPU
		{F90033B3-B7C1-407F-8E63-8FB852CE5F1B}.Debug|Any CPU.ActiveCfg = Debug|Any CPU
		{F90033B3-B7C1-407F-8E63-8FB852CE5F1B}.Debug|Any CPU.Build.0 = Debug|Any CPU
		{F90033B3-B7C1-407F-8E63-8FB852CE5F1B}.Release|Any CPU.ActiveCfg = Release|Any CPU
		{F90033B3-B7C1-407F-8E63-8FB852CE5F1B}.Release|Any CPU.Build.0 = Release|Any CPU
		{2DF894AF-00BA-47B8-856D-7AF08682ED29}.Debug|Any CPU.ActiveCfg = Debug|Any CPU
		{2DF894AF-00BA-47B8-856D-7AF08682ED29}.Debug|Any CPU.Build.0 = Debug|Any CPU
		{2DF894AF-00BA-47B8-856D-7AF08682ED29}.Release|Any CPU.ActiveCfg = Release|Any CPU
		{2DF894AF-00BA-47B8-856D-7AF08682ED29}.Release|Any CPU.Build.0 = Release|Any CPU
	EndGlobalSection
	GlobalSection(SolutionProperties) = preSolution
		HideSolutionNode = FALSE
	EndGlobalSection
	GlobalSection(NestedProjects) = preSolution
		{252EECE1-1C5F-4B57-9109-5A29DFFB0F74} = {63F3C516-7545-4C48-A5C0-C343EFD56A49}
		{2AF1EBD8-6866-45B1-8FFD-FA9F07DB3E25} = {3E10AF89-CD72-440B-98B1-C8FA2848C967}
		{B30CAA97-5463-4F4B-90AD-017B64195119} = {607A2C98-E548-431C-A82C-ECBD00B45442}
		{38595202-58E3-4B72-BC93-03166F0BD224} = {4C262AAA-5E80-44EC-846D-89F78721D723}
		{FF8D5016-D75F-4E23-A4CB-206BF9D3A2EE} = {4C262AAA-5E80-44EC-846D-89F78721D723}
		{DE379E6F-702A-4927-9813-6FB3C4092C95} = {4C262AAA-5E80-44EC-846D-89F78721D723}
		{FA7A739F-B3AD-428F-AF4E-FAC338BB440B} = {C8F9D549-A3CE-4735-A6BA-5CA816DE8AD7}
		{5908C35E-D78E-4DCA-9C12-16ED9BFBC179} = {C8F9D549-A3CE-4735-A6BA-5CA816DE8AD7}
		{F7F7EAFB-172A-4751-9A3D-1345BFB2483A} = {C8F9D549-A3CE-4735-A6BA-5CA816DE8AD7}
		{917E2FBB-290A-4EEA-87CE-B443896093B1} = {E22D417E-4D46-42B9-968E-6EE7DFA8749F}
		{3E0793C8-1966-4BFA-AC5B-B75C87DD738C} = {2B1C044B-DE44-4697-B49E-DD51273656AE}
		{F90033B3-B7C1-407F-8E63-8FB852CE5F1B} = {2B1C044B-DE44-4697-B49E-DD51273656AE}
		{2B1C044B-DE44-4697-B49E-DD51273656AE} = {900EAB84-081E-422A-8178-D679A4218B3F}
		{2DF894AF-00BA-47B8-856D-7AF08682ED29} = {DE4C308D-8D0E-4F00-AA01-AB162543C717}
		{E22D417E-4D46-42B9-968E-6EE7DFA8749F} = {900EAB84-081E-422A-8178-D679A4218B3F}
	EndGlobalSection
	GlobalSection(ExtensibilityGlobals) = postSolution
		SolutionGuid = {0C12829B-AEC5-4DC9-958F-DCECA9067777}
	EndGlobalSection
EndGlobal
